
Microsoft Visual Studio Solution File, Format Version 12.00
# Visual Studio 15
VisualStudioVersion = 15.0.26403.7
MinimumVisualStudioVersion = 10.0.40219.1
Project("{2150E333-8FDC-42A3-9474-1A3956D46DE8}") = "Files", "Files", "{23F8DBC2-32E7-48D4-A8E3-3C94835ACF3F}"
	ProjectSection(SolutionItems) = preProject
		Files\Nobel Prize Winners.xlsx = Files\Nobel Prize Winners.xlsx
	EndProjectSection
EndProject
Project("{2150E333-8FDC-42A3-9474-1A3956D46DE8}") = "Data", "Data", "{85DDA7EC-7121-42AC-9270-497AF1059D1C}"
EndProject
Project("{2150E333-8FDC-42A3-9474-1A3956D46DE8}") = "Console", "Console", "{58EC5781-22DE-41C0-916F-AF133CD312CB}"
EndProject
Project("{FAE04EC0-301F-11D3-BF4B-00C04F79EFBC}") = "Data.Models", "Data\Data.Models\Data.Models.csproj", "{C5D3E220-D9C8-4755-8690-8929AB05FC11}"
EndProject
Project("{FAE04EC0-301F-11D3-BF4B-00C04F79EFBC}") = "Data.Common", "Data\Data.Common\Data.Common.csproj", "{2FB5340C-2102-4629-B984-1526FA682340}"
EndProject
Project("{FAE04EC0-301F-11D3-BF4B-00C04F79EFBC}") = "Data", "Data\Data\Data.csproj", "{F01D0A0A-97E3-4360-9BFB-48C062B63D7D}"
EndProject
Project("{FAE04EC0-301F-11D3-BF4B-00C04F79EFBC}") = "ConsoleApp", "Console\ConsoleApp\ConsoleApp.csproj", "{209B3139-A9F4-466D-A883-3341A2256294}"
EndProject
Project("{2150E333-8FDC-42A3-9474-1A3956D46DE8}") = "Services", "Services", "{A0456525-D811-4CCB-8AAA-42D789D1C7AC}"
EndProject
Project("{FAE04EC0-301F-11D3-BF4B-00C04F79EFBC}") = "NobelPrizeWinnerServices", "Services\Services.FileReaderServices\NobelPrizeWinnerServices.csproj", "{BCF9D137-87E9-4B93-AA80-BA333E710285}"
EndProject
Global
	GlobalSection(SolutionConfigurationPlatforms) = preSolution
		Debug|Any CPU = Debug|Any CPU
		Release|Any CPU = Release|Any CPU
	EndGlobalSection
	GlobalSection(ProjectConfigurationPlatforms) = postSolution
		{C5D3E220-D9C8-4755-8690-8929AB05FC11}.Debug|Any CPU.ActiveCfg = Debug|Any CPU
		{C5D3E220-D9C8-4755-8690-8929AB05FC11}.Debug|Any CPU.Build.0 = Debug|Any CPU
		{C5D3E220-D9C8-4755-8690-8929AB05FC11}.Release|Any CPU.ActiveCfg = Release|Any CPU
		{C5D3E220-D9C8-4755-8690-8929AB05FC11}.Release|Any CPU.Build.0 = Release|Any CPU
		{2FB5340C-2102-4629-B984-1526FA682340}.Debug|Any CPU.ActiveCfg = Debug|Any CPU
		{2FB5340C-2102-4629-B984-1526FA682340}.Debug|Any CPU.Build.0 = Debug|Any CPU
		{2FB5340C-2102-4629-B984-1526FA682340}.Release|Any CPU.ActiveCfg = Release|Any CPU
		{2FB5340C-2102-4629-B984-1526FA682340}.Release|Any CPU.Build.0 = Release|Any CPU
		{F01D0A0A-97E3-4360-9BFB-48C062B63D7D}.Debug|Any CPU.ActiveCfg = Debug|Any CPU
		{F01D0A0A-97E3-4360-9BFB-48C062B63D7D}.Debug|Any CPU.Build.0 = Debug|Any CPU
		{F01D0A0A-97E3-4360-9BFB-48C062B63D7D}.Release|Any CPU.ActiveCfg = Release|Any CPU
		{F01D0A0A-97E3-4360-9BFB-48C062B63D7D}.Release|Any CPU.Build.0 = Release|Any CPU
		{209B3139-A9F4-466D-A883-3341A2256294}.Debug|Any CPU.ActiveCfg = Debug|Any CPU
		{209B3139-A9F4-466D-A883-3341A2256294}.Debug|Any CPU.Build.0 = Debug|Any CPU
		{209B3139-A9F4-466D-A883-3341A2256294}.Release|Any CPU.ActiveCfg = Release|Any CPU
		{209B3139-A9F4-466D-A883-3341A2256294}.Release|Any CPU.Build.0 = Release|Any CPU
		{BCF9D137-87E9-4B93-AA80-BA333E710285}.Debug|Any CPU.ActiveCfg = Debug|Any CPU
		{BCF9D137-87E9-4B93-AA80-BA333E710285}.Debug|Any CPU.Build.0 = Debug|Any CPU
		{BCF9D137-87E9-4B93-AA80-BA333E710285}.Release|Any CPU.ActiveCfg = Release|Any CPU
		{BCF9D137-87E9-4B93-AA80-BA333E710285}.Release|Any CPU.Build.0 = Release|Any CPU
	EndGlobalSection
	GlobalSection(SolutionProperties) = preSolution
		HideSolutionNode = FALSE
	EndGlobalSection
	GlobalSection(NestedProjects) = preSolution
		{C5D3E220-D9C8-4755-8690-8929AB05FC11} = {85DDA7EC-7121-42AC-9270-497AF1059D1C}
		{2FB5340C-2102-4629-B984-1526FA682340} = {85DDA7EC-7121-42AC-9270-497AF1059D1C}
		{F01D0A0A-97E3-4360-9BFB-48C062B63D7D} = {85DDA7EC-7121-42AC-9270-497AF1059D1C}
		{209B3139-A9F4-466D-A883-3341A2256294} = {58EC5781-22DE-41C0-916F-AF133CD312CB}
		{BCF9D137-87E9-4B93-AA80-BA333E710285} = {A0456525-D811-4CCB-8AAA-42D789D1C7AC}
	EndGlobalSection
EndGlobal
